// !$*UTF8*$!
{
	archiveVersion = 1;
	classes = {
	};
	objectVersion = 56;
	objects = {

/* Begin PBXBuildFile section */
		6361CB4F29C80F1B00C99427 /* my_first_appApp.swift in Sources */ = {isa = PBXBuildFile; fileRef = 6361CB4E29C80F1B00C99427 /* my_first_appApp.swift */; };
		6361CB5129C80F1B00C99427 /* ContentView.swift in Sources */ = {isa = PBXBuildFile; fileRef = 6361CB5029C80F1B00C99427 /* ContentView.swift */; };
		6361CB5329C80F1E00C99427 /* Assets.xcassets in Resources */ = {isa = PBXBuildFile; fileRef = 6361CB5229C80F1E00C99427 /* Assets.xcassets */; };
		6361CB5629C80F1E00C99427 /* Preview Assets.xcassets in Resources */ = {isa = PBXBuildFile; fileRef = 6361CB5529C80F1E00C99427 /* Preview Assets.xcassets */; };
		6361CB6029C80F1F00C99427 /* my_first_appTests.swift in Sources */ = {isa = PBXBuildFile; fileRef = 6361CB5F29C80F1F00C99427 /* my_first_appTests.swift */; };
		6361CB6A29C80F1F00C99427 /* my_first_appUITests.swift in Sources */ = {isa = PBXBuildFile; fileRef = 6361CB6929C80F1F00C99427 /* my_first_appUITests.swift */; };
		6361CB6C29C80F1F00C99427 /* my_first_appUITestsLaunchTests.swift in Sources */ = {isa = PBXBuildFile; fileRef = 6361CB6B29C80F1F00C99427 /* my_first_appUITestsLaunchTests.swift */; };
/* End PBXBuildFile section */

/* Begin PBXContainerItemProxy section */
		6361CB5C29C80F1F00C99427 /* PBXContainerItemProxy */ = {
			isa = PBXContainerItemProxy;
			containerPortal = 6361CB4329C80F1B00C99427 /* Project object */;
			proxyType = 1;
			remoteGlobalIDString = 6361CB4A29C80F1B00C99427;
			remoteInfo = my_first_app;
		};
		6361CB6629C80F1F00C99427 /* PBXContainerItemProxy */ = {
			isa = PBXContainerItemProxy;
			containerPortal = 6361CB4329C80F1B00C99427 /* Project object */;
			proxyType = 1;
			remoteGlobalIDString = 6361CB4A29C80F1B00C99427;
			remoteInfo = my_first_app;
		};
/* End PBXContainerItemProxy section */

/* Begin PBXFileReference section */
		6361CB4B29C80F1B00C99427 /* my_first_app.app */ = {isa = PBXFileReference; explicitFileType = wrapper.application; includeInIndex = 0; path = my_first_app.app; sourceTree = BUILT_PRODUCTS_DIR; };
		6361CB4E29C80F1B00C99427 /* my_first_appApp.swift */ = {isa = PBXFileReference; lastKnownFileType = sourcecode.swift; path = my_first_appApp.swift; sourceTree = "<group>"; };
		6361CB5029C80F1B00C99427 /* ContentView.swift */ = {isa = PBXFileReference; lastKnownFileType = sourcecode.swift; path = ContentView.swift; sourceTree = "<group>"; };
		6361CB5229C80F1E00C99427 /* Assets.xcassets */ = {isa = PBXFileReference; lastKnownFileType = folder.assetcatalog; path = Assets.xcassets; sourceTree = "<group>"; };
		6361CB5529C80F1E00C99427 /* Preview Assets.xcassets */ = {isa = PBXFileReference; lastKnownFileType = folder.assetcatalog; path = "Preview Assets.xcassets"; sourceTree = "<group>"; };
		6361CB5B29C80F1F00C99427 /* my_first_appTests.xctest */ = {isa = PBXFileReference; explicitFileType = wrapper.cfbundle; includeInIndex = 0; path = my_first_appTests.xctest; sourceTree = BUILT_PRODUCTS_DIR; };
		6361CB5F29C80F1F00C99427 /* my_first_appTests.swift */ = {isa = PBXFileReference; lastKnownFileType = sourcecode.swift; path = my_first_appTests.swift; sourceTree = "<group>"; };
		6361CB6529C80F1F00C99427 /* my_first_appUITests.xctest */ = {isa = PBXFileReference; explicitFileType = wrapper.cfbundle; includeInIndex = 0; path = my_first_appUITests.xctest; sourceTree = BUILT_PRODUCTS_DIR; };
		6361CB6929C80F1F00C99427 /* my_first_appUITests.swift */ = {isa = PBXFileReference; lastKnownFileType = sourcecode.swift; path = my_first_appUITests.swift; sourceTree = "<group>"; };
		6361CB6B29C80F1F00C99427 /* my_first_appUITestsLaunchTests.swift */ = {isa = PBXFileReference; lastKnownFileType = sourcecode.swift; path = my_first_appUITestsLaunchTests.swift; sourceTree = "<group>"; };
/* End PBXFileReference section */

/* Begin PBXFrameworksBuildPhase section */
		6361CB4829C80F1B00C99427 /* Frameworks */ = {
			isa = PBXFrameworksBuildPhase;
			buildActionMask = 2147483647;
			files = (
			);
			runOnlyForDeploymentPostprocessing = 0;
		};
		6361CB5829C80F1F00C99427 /* Frameworks */ = {
			isa = PBXFrameworksBuildPhase;
			buildActionMask = 2147483647;
			files = (
			);
			runOnlyForDeploymentPostprocessing = 0;
		};
		6361CB6229C80F1F00C99427 /* Frameworks */ = {
			isa = PBXFrameworksBuildPhase;
			buildActionMask = 2147483647;
			files = (
			);
			runOnlyForDeploymentPostprocessing = 0;
		};
/* End PBXFrameworksBuildPhase section */

/* Begin PBXGroup section */
		6361CB4229C80F1B00C99427 = {
			isa = PBXGroup;
			children = (
				6361CB4D29C80F1B00C99427 /* my_first_app */,
				6361CB5E29C80F1F00C99427 /* my_first_appTests */,
				6361CB6829C80F1F00C99427 /* my_first_appUITests */,
				6361CB4C29C80F1B00C99427 /* Products */,
			);
			sourceTree = "<group>";
		};
		6361CB4C29C80F1B00C99427 /* Products */ = {
			isa = PBXGroup;
			children = (
				6361CB4B29C80F1B00C99427 /* my_first_app.app */,
				6361CB5B29C80F1F00C99427 /* my_first_appTests.xctest */,
				6361CB6529C80F1F00C99427 /* my_first_appUITests.xctest */,
			);
			name = Products;
			sourceTree = "<group>";
		};
		6361CB4D29C80F1B00C99427 /* my_first_app */ = {
			isa = PBXGroup;
			children = (
				6361CB4E29C80F1B00C99427 /* my_first_appApp.swift */,
				6361CB5029C80F1B00C99427 /* ContentView.swift */,
				6361CB5229C80F1E00C99427 /* Assets.xcassets */,
				6361CB5429C80F1E00C99427 /* Preview Content */,
			);
			path = my_first_app;
			sourceTree = "<group>";
		};
		6361CB5429C80F1E00C99427 /* Preview Content */ = {
			isa = PBXGroup;
			children = (
				6361CB5529C80F1E00C99427 /* Preview Assets.xcassets */,
			);
			path = "Preview Content";
			sourceTree = "<group>";
		};
		6361CB5E29C80F1F00C99427 /* my_first_appTests */ = {
			isa = PBXGroup;
			children = (
				6361CB5F29C80F1F00C99427 /* my_first_appTests.swift */,
			);
			path = my_first_appTests;
			sourceTree = "<group>";
		};
		6361CB6829C80F1F00C99427 /* my_first_appUITests */ = {
			isa = PBXGroup;
			children = (
				6361CB6929C80F1F00C99427 /* my_first_appUITests.swift */,
				6361CB6B29C80F1F00C99427 /* my_first_appUITestsLaunchTests.swift */,
			);
			path = my_first_appUITests;
			sourceTree = "<group>";
		};
/* End PBXGroup section */

/* Begin PBXNativeTarget section */
		6361CB4A29C80F1B00C99427 /* my_first_app */ = {
			isa = PBXNativeTarget;
			buildConfigurationList = 6361CB6F29C80F1F00C99427 /* Build configuration list for PBXNativeTarget "my_first_app" */;
			buildPhases = (
				6361CB4729C80F1B00C99427 /* Sources */,
				6361CB4829C80F1B00C99427 /* Frameworks */,
				6361CB4929C80F1B00C99427 /* Resources */,
			);
			buildRules = (
			);
			dependencies = (
			);
			name = my_first_app;
			productName = my_first_app;
			productReference = 6361CB4B29C80F1B00C99427 /* my_first_app.app */;
			productType = "com.apple.product-type.application";
		};
		6361CB5A29C80F1F00C99427 /* my_first_appTests */ = {
			isa = PBXNativeTarget;
			buildConfigurationList = 6361CB7229C80F1F00C99427 /* Build configuration list for PBXNativeTarget "my_first_appTests" */;
			buildPhases = (
				6361CB5729C80F1F00C99427 /* Sources */,
				6361CB5829C80F1F00C99427 /* Frameworks */,
				6361CB5929C80F1F00C99427 /* Resources */,
			);
			buildRules = (
			);
			dependencies = (
				6361CB5D29C80F1F00C99427 /* PBXTargetDependency */,
			);
			name = my_first_appTests;
			productName = my_first_appTests;
			productReference = 6361CB5B29C80F1F00C99427 /* my_first_appTests.xctest */;
			productType = "com.apple.product-type.bundle.unit-test";
		};
		6361CB6429C80F1F00C99427 /* my_first_appUITests */ = {
			isa = PBXNativeTarget;
			buildConfigurationList = 6361CB7529C80F1F00C99427 /* Build configuration list for PBXNativeTarget "my_first_appUITests" */;
			buildPhases = (
				6361CB6129C80F1F00C99427 /* Sources */,
				6361CB6229C80F1F00C99427 /* Frameworks */,
				6361CB6329C80F1F00C99427 /* Resources */,
			);
			buildRules = (
			);
			dependencies = (
				6361CB6729C80F1F00C99427 /* PBXTargetDependency */,
			);
			name = my_first_appUITests;
			productName = my_first_appUITests;
			productReference = 6361CB6529C80F1F00C99427 /* my_first_appUITests.xctest */;
			productType = "com.apple.product-type.bundle.ui-testing";
		};
/* End PBXNativeTarget section */

/* Begin PBXProject section */
		6361CB4329C80F1B00C99427 /* Project object */ = {
			isa = PBXProject;
			attributes = {
				BuildIndependentTargetsInParallel = 1;
				LastSwiftUpdateCheck = 1410;
				LastUpgradeCheck = 1410;
				TargetAttributes = {
					6361CB4A29C80F1B00C99427 = {
						CreatedOnToolsVersion = 14.1;
					};
					6361CB5A29C80F1F00C99427 = {
						CreatedOnToolsVersion = 14.1;
						TestTargetID = 6361CB4A29C80F1B00C99427;
					};
					6361CB6429C80F1F00C99427 = {
						CreatedOnToolsVersion = 14.1;
						TestTargetID = 6361CB4A29C80F1B00C99427;
					};
				};
			};
			buildConfigurationList = 6361CB4629C80F1B00C99427 /* Build configuration list for PBXProject "my_first_app" */;
			compatibilityVersion = "Xcode 14.0";
			developmentRegion = en;
			hasScannedForEncodings = 0;
			knownRegions = (
				en,
				Base,
			);
			mainGroup = 6361CB4229C80F1B00C99427;
			productRefGroup = 6361CB4C29C80F1B00C99427 /* Products */;
			projectDirPath = "";
			projectRoot = "";
			targets = (
				6361CB4A29C80F1B00C99427 /* my_first_app */,
				6361CB5A29C80F1F00C99427 /* my_first_appTests */,
				6361CB6429C80F1F00C99427 /* my_first_appUITests */,
			);
		};
/* End PBXProject section */

/* Begin PBXResourcesBuildPhase section */
		6361CB4929C80F1B00C99427 /* Resources */ = {
			isa = PBXResourcesBuildPhase;
			buildActionMask = 2147483647;
			files = (
				6361CB5629C80F1E00C99427 /* Preview Assets.xcassets in Resources */,
				6361CB5329C80F1E00C99427 /* Assets.xcassets in Resources */,
			);
			runOnlyForDeploymentPostprocessing = 0;
		};
		6361CB5929C80F1F00C99427 /* Resources */ = {
			isa = PBXResourcesBuildPhase;
			buildActionMask = 2147483647;
			files = (
			);
			runOnlyForDeploymentPostprocessing = 0;
		};
		6361CB6329C80F1F00C99427 /* Resources */ = {
			isa = PBXResourcesBuildPhase;
			buildActionMask = 2147483647;
			files = (
			);
			runOnlyForDeploymentPostprocessing = 0;
		};
/* End PBXResourcesBuildPhase section */

/* Begin PBXSourcesBuildPhase section */
		6361CB4729C80F1B00C99427 /* Sources */ = {
			isa = PBXSourcesBuildPhase;
			buildActionMask = 2147483647;
			files = (
				6361CB5129C80F1B00C99427 /* ContentView.swift in Sources */,
				6361CB4F29C80F1B00C99427 /* my_first_appApp.swift in Sources */,
			);
			runOnlyForDeploymentPostprocessing = 0;
		};
		6361CB5729C80F1F00C99427 /* Sources */ = {
			isa = PBXSourcesBuildPhase;
			buildActionMask = 2147483647;
			files = (
				6361CB6029C80F1F00C99427 /* my_first_appTests.swift in Sources */,
			);
			runOnlyForDeploymentPostprocessing = 0;
		};
		6361CB6129C80F1F00C99427 /* Sources */ = {
			isa = PBXSourcesBuildPhase;
			buildActionMask = 2147483647;
			files = (
				6361CB6A29C80F1F00C99427 /* my_first_appUITests.swift in Sources */,
				6361CB6C29C80F1F00C99427 /* my_first_appUITestsLaunchTests.swift in Sources */,
			);
			runOnlyForDeploymentPostprocessing = 0;
		};
/* End PBXSourcesBuildPhase section */

/* Begin PBXTargetDependency section */
		6361CB5D29C80F1F00C99427 /* PBXTargetDependency */ = {
			isa = PBXTargetDependency;
			target = 6361CB4A29C80F1B00C99427 /* my_first_app */;
			targetProxy = 6361CB5C29C80F1F00C99427 /* PBXContainerItemProxy */;
		};
		6361CB6729C80F1F00C99427 /* PBXTargetDependency */ = {
			isa = PBXTargetDependency;
			target = 6361CB4A29C80F1B00C99427 /* my_first_app */;
			targetProxy = 6361CB6629C80F1F00C99427 /* PBXContainerItemProxy */;
		};
/* End PBXTargetDependency section */

/* Begin XCBuildConfiguration section */
		6361CB6D29C80F1F00C99427 /* Debug */ = {
			isa = XCBuildConfiguration;
			buildSettings = {
				ALWAYS_SEARCH_USER_PATHS = NO;
				CLANG_ANALYZER_NONNULL = YES;
				CLANG_ANALYZER_NUMBER_OBJECT_CONVERSION = YES_AGGRESSIVE;
				CLANG_CXX_LANGUAGE_STANDARD = "gnu++20";
				CLANG_ENABLE_MODULES = YES;
				CLANG_ENABLE_OBJC_ARC = YES;
				CLANG_ENABLE_OBJC_WEAK = YES;
				CLANG_WARN_BLOCK_CAPTURE_AUTORELEASING = YES;
				CLANG_WARN_BOOL_CONVERSION = YES;
				CLANG_WARN_COMMA = YES;
				CLANG_WARN_CONSTANT_CONVERSION = YES;
				CLANG_WARN_DEPRECATED_OBJC_IMPLEMENTATIONS = YES;
				CLANG_WARN_DIRECT_OBJC_ISA_USAGE = YES_ERROR;
				CLANG_WARN_DOCUMENTATION_COMMENTS = YES;
				CLANG_WARN_EMPTY_BODY = YES;
				CLANG_WARN_ENUM_CONVERSION = YES;
				CLANG_WARN_INFINITE_RECURSION = YES;
				CLANG_WARN_INT_CONVERSION = YES;
				CLANG_WARN_NON_LITERAL_NULL_CONVERSION = YES;
				CLANG_WARN_OBJC_IMPLICIT_RETAIN_SELF = YES;
				CLANG_WARN_OBJC_LITERAL_CONVERSION = YES;
				CLANG_WARN_OBJC_ROOT_CLASS = YES_ERROR;
				CLANG_WARN_QUOTED_INCLUDE_IN_FRAMEWORK_HEADER = YES;
				CLANG_WARN_RANGE_LOOP_ANALYSIS = YES;
				CLANG_WARN_STRICT_PROTOTYPES = YES;
				CLANG_WARN_SUSPICIOUS_MOVE = YES;
				CLANG_WARN_UNGUARDED_AVAILABILITY = YES_AGGRESSIVE;
				CLANG_WARN_UNREACHABLE_CODE = YES;
				CLANG_WARN__DUPLICATE_METHOD_MATCH = YES;
				COPY_PHASE_STRIP = NO;
				DEBUG_INFORMATION_FORMAT = dwarf;
				ENABLE_STRICT_OBJC_MSGSEND = YES;
				ENABLE_TESTABILITY = YES;
				GCC_C_LANGUAGE_STANDARD = gnu11;
				GCC_DYNAMIC_NO_PIC = NO;
				GCC_NO_COMMON_BLOCKS = YES;
				GCC_OPTIMIZATION_LEVEL = 0;
				GCC_PREPROCESSOR_DEFINITIONS = (
					"DEBUG=1",
					"$(inherited)",
				);
				GCC_WARN_64_TO_32_BIT_CONVERSION = YES;
				GCC_WARN_ABOUT_RETURN_TYPE = YES_ERROR;
				GCC_WARN_UNDECLARED_SELECTOR = YES;
				GCC_WARN_UNINITIALIZED_AUTOS = YES_AGGRESSIVE;
				GCC_WARN_UNUSED_FUNCTION = YES;
				GCC_WARN_UNUSED_VARIABLE = YES;
				IPHONEOS_DEPLOYMENT_TARGET = 16.1;
				MTL_ENABLE_DEBUG_INFO = INCLUDE_SOURCE;
				MTL_FAST_MATH = YES;
				ONLY_ACTIVE_ARCH = YES;
				SDKROOT = iphoneos;
				SWIFT_ACTIVE_COMPILATION_CONDITIONS = DEBUG;
				SWIFT_OPTIMIZATION_LEVEL = "-Onone";
			};
			name = Debug;
		};
		6361CB6E29C80F1F00C99427 /* Release */ = {
			isa = XCBuildConfiguration;
			buildSettings = {
				ALWAYS_SEARCH_USER_PATHS = NO;
				CLANG_ANALYZER_NONNULL = YES;
				CLANG_ANALYZER_NUMBER_OBJECT_CONVERSION = YES_AGGRESSIVE;
				CLANG_CXX_LANGUAGE_STANDARD = "gnu++20";
				CLANG_ENABLE_MODULES = YES;
				CLANG_ENABLE_OBJC_ARC = YES;
				CLANG_ENABLE_OBJC_WEAK = YES;
				CLANG_WARN_BLOCK_CAPTURE_AUTORELEASING = YES;
				CLANG_WARN_BOOL_CONVERSION = YES;
				CLANG_WARN_COMMA = YES;
				CLANG_WARN_CONSTANT_CONVERSION = YES;
				CLANG_WARN_DEPRECATED_OBJC_IMPLEMENTATIONS = YES;
				CLANG_WARN_DIRECT_OBJC_ISA_USAGE = YES_ERROR;
				CLANG_WARN_DOCUMENTATION_COMMENTS = YES;
				CLANG_WARN_EMPTY_BODY = YES;
				CLANG_WARN_ENUM_CONVERSION = YES;
				CLANG_WARN_INFINITE_RECURSION = YES;
				CLANG_WARN_INT_CONVERSION = YES;
				CLANG_WARN_NON_LITERAL_NULL_CONVERSION = YES;
				CLANG_WARN_OBJC_IMPLICIT_RETAIN_SELF = YES;
				CLANG_WARN_OBJC_LITERAL_CONVERSION = YES;
				CLANG_WARN_OBJC_ROOT_CLASS = YES_ERROR;
				CLANG_WARN_QUOTED_INCLUDE_IN_FRAMEWORK_HEADER = YES;
				CLANG_WARN_RANGE_LOOP_ANALYSIS = YES;
				CLANG_WARN_STRICT_PROTOTYPES = YES;
				CLANG_WARN_SUSPICIOUS_MOVE = YES;
				CLANG_WARN_UNGUARDED_AVAILABILITY = YES_AGGRESSIVE;
				CLANG_WARN_UNREACHABLE_CODE = YES;
				CLANG_WARN__DUPLICATE_METHOD_MATCH = YES;
				COPY_PHASE_STRIP = NO;
				DEBUG_INFORMATION_FORMAT = "dwarf-with-dsym";
				ENABLE_NS_ASSERTIONS = NO;
				ENABLE_STRICT_OBJC_MSGSEND = YES;
				GCC_C_LANGUAGE_STANDARD = gnu11;
				GCC_NO_COMMON_BLOCKS = YES;
				GCC_WARN_64_TO_32_BIT_CONVERSION = YES;
				GCC_WARN_ABOUT_RETURN_TYPE = YES_ERROR;
				GCC_WARN_UNDECLARED_SELECTOR = YES;
				GCC_WARN_UNINITIALIZED_AUTOS = YES_AGGRESSIVE;
				GCC_WARN_UNUSED_FUNCTION = YES;
				GCC_WARN_UNUSED_VARIABLE = YES;
				IPHONEOS_DEPLOYMENT_TARGET = 16.1;
				MTL_ENABLE_DEBUG_INFO = NO;
				MTL_FAST_MATH = YES;
				SDKROOT = iphoneos;
				SWIFT_COMPILATION_MODE = wholemodule;
				SWIFT_OPTIMIZATION_LEVEL = "-O";
				VALIDATE_PRODUCT = YES;
			};
			name = Release;
		};
		6361CB7029C80F1F00C99427 /* Debug */ = {
			isa = XCBuildConfiguration;
			buildSettings = {
				ASSETCATALOG_COMPILER_APPICON_NAME = AppIcon;
				ASSETCATALOG_COMPILER_GLOBAL_ACCENT_COLOR_NAME = AccentColor;
				CODE_SIGN_STYLE = Automatic;
				CURRENT_PROJECT_VERSION = 1;
				DEVELOPMENT_ASSET_PATHS = "\"my_first_app/Preview Content\"";
				DEVELOPMENT_TEAM = U4X9GTJR65;
				ENABLE_PREVIEWS = YES;
				GENERATE_INFOPLIST_FILE = YES;
				INFOPLIST_KEY_UIApplicationSceneManifest_Generation = YES;
				INFOPLIST_KEY_UIApplicationSupportsIndirectInputEvents = YES;
				INFOPLIST_KEY_UILaunchScreen_Generation = YES;
				INFOPLIST_KEY_UISupportedInterfaceOrientations_iPad = "UIInterfaceOrientationPortrait UIInterfaceOrientationPortraitUpsideDown UIInterfaceOrientationLandscapeLeft UIInterfaceOrientationLandscapeRight";
				INFOPLIST_KEY_UISupportedInterfaceOrientations_iPhone = "UIInterfaceOrientationPortrait UIInterfaceOrientationLandscapeLeft UIInterfaceOrientationLandscapeRight";
				LD_RUNPATH_SEARCH_PATHS = (
					"$(inherited)",
					"@executable_path/Frameworks",
				);
				MARKETING_VERSION = 1.0;
				PRODUCT_BUNDLE_IDENTIFIER = "Test.my-first-app";
				PRODUCT_NAME = "$(TARGET_NAME)";
				SWIFT_EMIT_LOC_STRINGS = YES;
				SWIFT_VERSION = 5.0;
				TARGETED_DEVICE_FAMILY = "1,2";
			};
			name = Debug;
		};
		6361CB7129C80F1F00C99427 /* Release */ = {
			isa = XCBuildConfiguration;
			buildSettings = {
				ASSETCATALOG_COMPILER_APPICON_NAME = AppIcon;
				ASSETCATALOG_COMPILER_GLOBAL_ACCENT_COLOR_NAME = AccentColor;
				CODE_SIGN_STYLE = Automatic;
				CURRENT_PROJECT_VERSION = 1;
				DEVELOPMENT_ASSET_PATHS = "\"my_first_app/Preview Content\"";
				DEVELOPMENT_TEAM = U4X9GTJR65;
				ENABLE_PREVIEWS = YES;
				GENERATE_INFOPLIST_FILE = YES;
				INFOPLIST_KEY_UIApplicationSceneManifest_Generation = YES;
				INFOPLIST_KEY_UIApplicationSupportsIndirectInputEvents = YES;
				INFOPLIST_KEY_UILaunchScreen_Generation = YES;
				INFOPLIST_KEY_UISupportedInterfaceOrientations_iPad = "UIInterfaceOrientationPortrait UIInterfaceOrientationPortraitUpsideDown UIInterfaceOrientationLandscapeLeft UIInterfaceOrientationLandscapeRight";
				INFOPLIST_KEY_UISupportedInterfaceOrientations_iPhone = "UIInterfaceOrientationPortrait UIInterfaceOrientationLandscapeLeft UIInterfaceOrientationLandscapeRight";
				LD_RUNPATH_SEARCH_PATHS = (
					"$(inherited)",
					"@executable_path/Frameworks",
				);
				MARKETING_VERSION = 1.0;
				PRODUCT_BUNDLE_IDENTIFIER = "Test.my-first-app";
				PRODUCT_NAME = "$(TARGET_NAME)";
				SWIFT_EMIT_LOC_STRINGS = YES;
				SWIFT_VERSION = 5.0;
				TARGETED_DEVICE_FAMILY = "1,2";
			};
			name = Release;
		};
		6361CB7329C80F1F00C99427 /* Debug */ = {
			isa = XCBuildConfiguration;
			buildSettings = {
				ALWAYS_EMBED_SWIFT_STANDARD_LIBRARIES = YES;
				BUNDLE_LOADER = "$(TEST_HOST)";
				CODE_SIGN_STYLE = Automatic;
				CURRENT_PROJECT_VERSION = 1;
				DEVELOPMENT_TEAM = U4X9GTJR65;
				GENERATE_INFOPLIST_FILE = YES;
				IPHONEOS_DEPLOYMENT_TARGET = 16.1;
				MARKETING_VERSION = 1.0;
				PRODUCT_BUNDLE_IDENTIFIER = "Test.my-first-appTests";
				PRODUCT_NAME = "$(TARGET_NAME)";
				SWIFT_EMIT_LOC_STRINGS = NO;
				SWIFT_VERSION = 5.0;
				TARGETED_DEVICE_FAMILY = "1,2";
				TEST_HOST = "$(BUILT_PRODUCTS_DIR)/my_first_app.app/$(BUNDLE_EXECUTABLE_FOLDER_PATH)/my_first_app";
			};
			name = Debug;
		};
		6361CB7429C80F1F00C99427 /* Release */ = {
			isa = XCBuildConfiguration;
			buildSettings = {
				ALWAYS_EMBED_SWIFT_STANDARD_LIBRARIES = YES;
				BUNDLE_LOADER = "$(TEST_HOST)";
				CODE_SIGN_STYLE = Automatic;
				CURRENT_PROJECT_VERSION = 1;
				DEVELOPMENT_TEAM = U4X9GTJR65;
				GENERATE_INFOPLIST_FILE = YES;
				IPHONEOS_DEPLOYMENT_TARGET = 16.1;
				MARKETING_VERSION = 1.0;
				PRODUCT_BUNDLE_IDENTIFIER = "Test.my-first-appTests";
				PRODUCT_NAME = "$(TARGET_NAME)";
				SWIFT_EMIT_LOC_STRINGS = NO;
				SWIFT_VERSION = 5.0;
				TARGETED_DEVICE_FAMILY = "1,2";
				TEST_HOST = "$(BUILT_PRODUCTS_DIR)/my_first_app.app/$(BUNDLE_EXECUTABLE_FOLDER_PATH)/my_first_app";
			};
			name = Release;
		};
		6361CB7629C80F1F00C99427 /* Debug */ = {
			isa = XCBuildConfiguration;
			buildSettings = {
				ALWAYS_EMBED_SWIFT_STANDARD_LIBRARIES = YES;
				CODE_SIGN_STYLE = Automatic;
				CURRENT_PROJECT_VERSION = 1;
				DEVELOPMENT_TEAM = U4X9GTJR65;
				GENERATE_INFOPLIST_FILE = YES;
				MARKETING_VERSION = 1.0;
				PRODUCT_BUNDLE_IDENTIFIER = "Test.my-first-appUITests";
				PRODUCT_NAME = "$(TARGET_NAME)";
				SWIFT_EMIT_LOC_STRINGS = NO;
				SWIFT_VERSION = 5.0;
				TARGETED_DEVICE_FAMILY = "1,2";
				TEST_TARGET_NAME = my_first_app;
			};
			name = Debug;
		};
		6361CB7729C80F1F00C99427 /* Release */ = {
			isa = XCBuildConfiguration;
			buildSettings = {
				ALWAYS_EMBED_SWIFT_STANDARD_LIBRARIES = YES;
				CODE_SIGN_STYLE = Automatic;
				CURRENT_PROJECT_VERSION = 1;
				DEVELOPMENT_TEAM = U4X9GTJR65;
				GENERATE_INFOPLIST_FILE = YES;
				MARKETING_VERSION = 1.0;
				PRODUCT_BUNDLE_IDENTIFIER = "Test.my-first-appUITests";
				PRODUCT_NAME = "$(TARGET_NAME)";
				SWIFT_EMIT_LOC_STRINGS = NO;
				SWIFT_VERSION = 5.0;
				TARGETED_DEVICE_FAMILY = "1,2";
				TEST_TARGET_NAME = my_first_app;
			};
			name = Release;
		};
/* End XCBuildConfiguration section */

/* Begin XCConfigurationList section */
		6361CB4629C80F1B00C99427 /* Build configuration list for PBXProject "my_first_app" */ = {
			isa = XCConfigurationList;
			buildConfigurations = (
				6361CB6D29C80F1F00C99427 /* Debug */,
				6361CB6E29C80F1F00C99427 /* Release */,
			);
			defaultConfigurationIsVisible = 0;
			defaultConfigurationName = Release;
		};
		6361CB6F29C80F1F00C99427 /* Build configuration list for PBXNativeTarget "my_first_app" */ = {
			isa = XCConfigurationList;
			buildConfigurations = (
				6361CB7029C80F1F00C99427 /* Debug */,
				6361CB7129C80F1F00C99427 /* Release */,
			);
			defaultConfigurationIsVisible = 0;
			defaultConfigurationName = Release;
		};
		6361CB7229C80F1F00C99427 /* Build configuration list for PBXNativeTarget "my_first_appTests" */ = {
			isa = XCConfigurationList;
			buildConfigurations = (
				6361CB7329C80F1F00C99427 /* Debug */,
				6361CB7429C80F1F00C99427 /* Release */,
			);
			defaultConfigurationIsVisible = 0;
			defaultConfigurationName = Release;
		};
		6361CB7529C80F1F00C99427 /* Build configuration list for PBXNativeTarget "my_first_appUITests" */ = {
			isa = XCConfigurationList;
			buildConfigurations = (
				6361CB7629C80F1F00C99427 /* Debug */,
				6361CB7729C80F1F00C99427 /* Release */,
			);
			defaultConfigurationIsVisible = 0;
			defaultConfigurationName = Release;
		};
/* End XCConfigurationList section */
	};
	rootObject = 6361CB4329C80F1B00C99427 /* Project object */;
}
